
Microsoft Visual Studio Solution File, Format Version 12.00
# Visual Studio 14
VisualStudioVersion = 14.0.25420.1
MinimumVisualStudioVersion = 10.0.40219.1
Project("{FAE04EC0-301F-11D3-BF4B-00C04F79EFBC}") = "XamaLens", "XamaLens\XamaLens\XamaLens.csproj", "{1DC059F8-3623-447F-B835-9748B63D742F}"
EndProject
Project("{FAE04EC0-301F-11D3-BF4B-00C04F79EFBC}") = "XamaLens.Droid", "XamaLens\XamaLens.Droid\XamaLens.Droid.csproj", "{0184B4E1-8EE9-4F1C-8FC0-FCFBB58729C5}"
EndProject
Project("{FAE04EC0-301F-11D3-BF4B-00C04F79EFBC}") = "XamaLens.iOS", "XamaLens\XamaLens.iOS\XamaLens.iOS.csproj", "{BE11795F-0CFF-4A8D-B3A3-E01E6261482E}"
EndProject
Project("{FAE04EC0-301F-11D3-BF4B-00C04F79EFBC}") = "XamaLens.UWP", "XamaLens\XamaLens.UWP\XamaLens.UWP.csproj", "{AE349930-E091-44B8-AAB2-9369D91DECB2}"
EndProject
Global
	GlobalSection(SolutionConfigurationPlatforms) = preSolution
		Ad-Hoc|Any CPU = Ad-Hoc|Any CPU
		Ad-Hoc|ARM = Ad-Hoc|ARM
		Ad-Hoc|iPhone = Ad-Hoc|iPhone
		Ad-Hoc|iPhoneSimulator = Ad-Hoc|iPhoneSimulator
		Ad-Hoc|x64 = Ad-Hoc|x64
		Ad-Hoc|x86 = Ad-Hoc|x86
		AppStore|Any CPU = AppStore|Any CPU
		AppStore|ARM = AppStore|ARM
		AppStore|iPhone = AppStore|iPhone
		AppStore|iPhoneSimulator = AppStore|iPhoneSimulator
		AppStore|x64 = AppStore|x64
		AppStore|x86 = AppStore|x86
		Debug|Any CPU = Debug|Any CPU
		Debug|ARM = Debug|ARM
		Debug|iPhone = Debug|iPhone
		Debug|iPhoneSimulator = Debug|iPhoneSimulator
		Debug|x64 = Debug|x64
		Debug|x86 = Debug|x86
		Release|Any CPU = Release|Any CPU
		Release|ARM = Release|ARM
		Release|iPhone = Release|iPhone
		Release|iPhoneSimulator = Release|iPhoneSimulator
		Release|x64 = Release|x64
		Release|x86 = Release|x86
	EndGlobalSection
	GlobalSection(ProjectConfigurationPlatforms) = postSolution
		{1DC059F8-3623-447F-B835-9748B63D742F}.Ad-Hoc|Any CPU.ActiveCfg = Release|Any CPU
		{1DC059F8-3623-447F-B835-9748B63D742F}.Ad-Hoc|Any CPU.Build.0 = Release|Any CPU
		{1DC059F8-3623-447F-B835-9748B63D742F}.Ad-Hoc|ARM.ActiveCfg = Release|Any CPU
		{1DC059F8-3623-447F-B835-9748B63D742F}.Ad-Hoc|ARM.Build.0 = Release|Any CPU
		{1DC059F8-3623-447F-B835-9748B63D742F}.Ad-Hoc|iPhone.ActiveCfg = Release|Any CPU
		{1DC059F8-3623-447F-B835-9748B63D742F}.Ad-Hoc|iPhone.Build.0 = Release|Any CPU
		{1DC059F8-3623-447F-B835-9748B63D742F}.Ad-Hoc|iPhoneSimulator.ActiveCfg = Release|Any CPU
		{1DC059F8-3623-447F-B835-9748B63D742F}.Ad-Hoc|iPhoneSimulator.Build.0 = Release|Any CPU
		{1DC059F8-3623-447F-B835-9748B63D742F}.Ad-Hoc|x64.ActiveCfg = Release|Any CPU
		{1DC059F8-3623-447F-B835-9748B63D742F}.Ad-Hoc|x64.Build.0 = Release|Any CPU
		{1DC059F8-3623-447F-B835-9748B63D742F}.Ad-Hoc|x86.ActiveCfg = Release|Any CPU
		{1DC059F8-3623-447F-B835-9748B63D742F}.Ad-Hoc|x86.Build.0 = Release|Any CPU
		{1DC059F8-3623-447F-B835-9748B63D742F}.AppStore|Any CPU.ActiveCfg = Release|Any CPU
		{1DC059F8-3623-447F-B835-9748B63D742F}.AppStore|Any CPU.Build.0 = Release|Any CPU
		{1DC059F8-3623-447F-B835-9748B63D742F}.AppStore|ARM.ActiveCfg = Release|Any CPU
		{1DC059F8-3623-447F-B835-9748B63D742F}.AppStore|ARM.Build.0 = Release|Any CPU
		{1DC059F8-3623-447F-B835-9748B63D742F}.AppStore|iPhone.ActiveCfg = Release|Any CPU
		{1DC059F8-3623-447F-B835-9748B63D742F}.AppStore|iPhone.Build.0 = Release|Any CPU
		{1DC059F8-3623-447F-B835-9748B63D742F}.AppStore|iPhoneSimulator.ActiveCfg = Release|Any CPU
		{1DC059F8-3623-447F-B835-9748B63D742F}.AppStore|iPhoneSimulator.Build.0 = Release|Any CPU
		{1DC059F8-3623-447F-B835-9748B63D742F}.AppStore|x64.ActiveCfg = Release|Any CPU
		{1DC059F8-3623-447F-B835-9748B63D742F}.AppStore|x64.Build.0 = Release|Any CPU
		{1DC059F8-3623-447F-B835-9748B63D742F}.AppStore|x86.ActiveCfg = Release|Any CPU
		{1DC059F8-3623-447F-B835-9748B63D742F}.AppStore|x86.Build.0 = Release|Any CPU
		{1DC059F8-3623-447F-B835-9748B63D742F}.Debug|Any CPU.ActiveCfg = Debug|Any CPU
		{1DC059F8-3623-447F-B835-9748B63D742F}.Debug|Any CPU.Build.0 = Debug|Any CPU
		{1DC059F8-3623-447F-B835-9748B63D742F}.Debug|ARM.ActiveCfg = Debug|Any CPU
		{1DC059F8-3623-447F-B835-9748B63D742F}.Debug|ARM.Build.0 = Debug|Any CPU
		{1DC059F8-3623-447F-B835-9748B63D742F}.Debug|iPhone.ActiveCfg = Debug|Any CPU
		{1DC059F8-3623-447F-B835-9748B63D742F}.Debug|iPhone.Build.0 = Debug|Any CPU
		{1DC059F8-3623-447F-B835-9748B63D742F}.Debug|iPhoneSimulator.ActiveCfg = Debug|Any CPU
		{1DC059F8-3623-447F-B835-9748B63D742F}.Debug|iPhoneSimulator.Build.0 = Debug|Any CPU
		{1DC059F8-3623-447F-B835-9748B63D742F}.Debug|x64.ActiveCfg = Debug|Any CPU
		{1DC059F8-3623-447F-B835-9748B63D742F}.Debug|x64.Build.0 = Debug|Any CPU
		{1DC059F8-3623-447F-B835-9748B63D742F}.Debug|x86.ActiveCfg = Debug|Any CPU
		{1DC059F8-3623-447F-B835-9748B63D742F}.Debug|x86.Build.0 = Debug|Any CPU
		{1DC059F8-3623-447F-B835-9748B63D742F}.Release|Any CPU.ActiveCfg = Release|Any CPU
		{1DC059F8-3623-447F-B835-9748B63D742F}.Release|Any CPU.Build.0 = Release|Any CPU
		{1DC059F8-3623-447F-B835-9748B63D742F}.Release|ARM.ActiveCfg = Release|Any CPU
		{1DC059F8-3623-447F-B835-9748B63D742F}.Release|ARM.Build.0 = Release|Any CPU
		{1DC059F8-3623-447F-B835-9748B63D742F}.Release|iPhone.ActiveCfg = Release|Any CPU
		{1DC059F8-3623-447F-B835-9748B63D742F}.Release|iPhone.Build.0 = Release|Any CPU
		{1DC059F8-3623-447F-B835-9748B63D742F}.Release|iPhoneSimulator.ActiveCfg = Release|Any CPU
		{1DC059F8-3623-447F-B835-9748B63D742F}.Release|iPhoneSimulator.Build.0 = Release|Any CPU
		{1DC059F8-3623-447F-B835-9748B63D742F}.Release|x64.ActiveCfg = Release|Any CPU
		{1DC059F8-3623-447F-B835-9748B63D742F}.Release|x64.Build.0 = Release|Any CPU
		{1DC059F8-3623-447F-B835-9748B63D742F}.Release|x86.ActiveCfg = Release|Any CPU
		{1DC059F8-3623-447F-B835-9748B63D742F}.Release|x86.Build.0 = Release|Any CPU
		{0184B4E1-8EE9-4F1C-8FC0-FCFBB58729C5}.Ad-Hoc|Any CPU.ActiveCfg = Release|Any CPU
		{0184B4E1-8EE9-4F1C-8FC0-FCFBB58729C5}.Ad-Hoc|Any CPU.Build.0 = Release|Any CPU
		{0184B4E1-8EE9-4F1C-8FC0-FCFBB58729C5}.Ad-Hoc|Any CPU.Deploy.0 = Release|Any CPU
		{0184B4E1-8EE9-4F1C-8FC0-FCFBB58729C5}.Ad-Hoc|ARM.ActiveCfg = Release|Any CPU
		{0184B4E1-8EE9-4F1C-8FC0-FCFBB58729C5}.Ad-Hoc|ARM.Build.0 = Release|Any CPU
		{0184B4E1-8EE9-4F1C-8FC0-FCFBB58729C5}.Ad-Hoc|ARM.Deploy.0 = Release|Any CPU
		{0184B4E1-8EE9-4F1C-8FC0-FCFBB58729C5}.Ad-Hoc|iPhone.ActiveCfg = Release|Any CPU
		{0184B4E1-8EE9-4F1C-8FC0-FCFBB58729C5}.Ad-Hoc|iPhone.Build.0 = Release|Any CPU
		{0184B4E1-8EE9-4F1C-8FC0-FCFBB58729C5}.Ad-Hoc|iPhone.Deploy.0 = Release|Any CPU
		{0184B4E1-8EE9-4F1C-8FC0-FCFBB58729C5}.Ad-Hoc|iPhoneSimulator.ActiveCfg = Release|Any CPU
		{0184B4E1-8EE9-4F1C-8FC0-FCFBB58729C5}.Ad-Hoc|iPhoneSimulator.Build.0 = Release|Any CPU
		{0184B4E1-8EE9-4F1C-8FC0-FCFBB58729C5}.Ad-Hoc|iPhoneSimulator.Deploy.0 = Release|Any CPU
		{0184B4E1-8EE9-4F1C-8FC0-FCFBB58729C5}.Ad-Hoc|x64.ActiveCfg = Release|Any CPU
		{0184B4E1-8EE9-4F1C-8FC0-FCFBB58729C5}.Ad-Hoc|x64.Build.0 = Release|Any CPU
		{0184B4E1-8EE9-4F1C-8FC0-FCFBB58729C5}.Ad-Hoc|x64.Deploy.0 = Release|Any CPU
		{0184B4E1-8EE9-4F1C-8FC0-FCFBB58729C5}.Ad-Hoc|x86.ActiveCfg = Release|Any CPU
		{0184B4E1-8EE9-4F1C-8FC0-FCFBB58729C5}.Ad-Hoc|x86.Build.0 = Release|Any CPU
		{0184B4E1-8EE9-4F1C-8FC0-FCFBB58729C5}.Ad-Hoc|x86.Deploy.0 = Release|Any CPU
		{0184B4E1-8EE9-4F1C-8FC0-FCFBB58729C5}.AppStore|Any CPU.ActiveCfg = Release|Any CPU
		{0184B4E1-8EE9-4F1C-8FC0-FCFBB58729C5}.AppStore|Any CPU.Build.0 = Release|Any CPU
		{0184B4E1-8EE9-4F1C-8FC0-FCFBB58729C5}.AppStore|Any CPU.Deploy.0 = Release|Any CPU
		{0184B4E1-8EE9-4F1C-8FC0-FCFBB58729C5}.AppStore|ARM.ActiveCfg = Release|Any CPU
		{0184B4E1-8EE9-4F1C-8FC0-FCFBB58729C5}.AppStore|ARM.Build.0 = Release|Any CPU
		{0184B4E1-8EE9-4F1C-8FC0-FCFBB58729C5}.AppStore|ARM.Deploy.0 = Release|Any CPU
		{0184B4E1-8EE9-4F1C-8FC0-FCFBB58729C5}.AppStore|iPhone.ActiveCfg = Release|Any CPU
		{0184B4E1-8EE9-4F1C-8FC0-FCFBB58729C5}.AppStore|iPhone.Build.0 = Release|Any CPU
		{0184B4E1-8EE9-4F1C-8FC0-FCFBB58729C5}.AppStore|iPhone.Deploy.0 = Release|Any CPU
		{0184B4E1-8EE9-4F1C-8FC0-FCFBB58729C5}.AppStore|iPhoneSimulator.ActiveCfg = Release|Any CPU
		{0184B4E1-8EE9-4F1C-8FC0-FCFBB58729C5}.AppStore|iPhoneSimulator.Build.0 = Release|Any CPU
		{0184B4E1-8EE9-4F1C-8FC0-FCFBB58729C5}.AppStore|iPhoneSimulator.Deploy.0 = Release|Any CPU
		{0184B4E1-8EE9-4F1C-8FC0-FCFBB58729C5}.AppStore|x64.ActiveCfg = Release|Any CPU
		{0184B4E1-8EE9-4F1C-8FC0-FCFBB58729C5}.AppStore|x64.Build.0 = Release|Any CPU
		{0184B4E1-8EE9-4F1C-8FC0-FCFBB58729C5}.AppStore|x64.Deploy.0 = Release|Any CPU
		{0184B4E1-8EE9-4F1C-8FC0-FCFBB58729C5}.AppStore|x86.ActiveCfg = Release|Any CPU
		{0184B4E1-8EE9-4F1C-8FC0-FCFBB58729C5}.AppStore|x86.Build.0 = Release|Any CPU
		{0184B4E1-8EE9-4F1C-8FC0-FCFBB58729C5}.AppStore|x86.Deploy.0 = Release|Any CPU
		{0184B4E1-8EE9-4F1C-8FC0-FCFBB58729C5}.Debug|Any CPU.ActiveCfg = Debug|Any CPU
		{0184B4E1-8EE9-4F1C-8FC0-FCFBB58729C5}.Debug|Any CPU.Build.0 = Debug|Any CPU
		{0184B4E1-8EE9-4F1C-8FC0-FCFBB58729C5}.Debug|Any CPU.Deploy.0 = Debug|Any CPU
		{0184B4E1-8EE9-4F1C-8FC0-FCFBB58729C5}.Debug|ARM.ActiveCfg = Debug|Any CPU
		{0184B4E1-8EE9-4F1C-8FC0-FCFBB58729C5}.Debug|ARM.Build.0 = Debug|Any CPU
		{0184B4E1-8EE9-4F1C-8FC0-FCFBB58729C5}.Debug|ARM.Deploy.0 = Debug|Any CPU
		{0184B4E1-8EE9-4F1C-8FC0-FCFBB58729C5}.Debug|iPhone.ActiveCfg = Debug|Any CPU
		{0184B4E1-8EE9-4F1C-8FC0-FCFBB58729C5}.Debug|iPhone.Build.0 = Debug|Any CPU
		{0184B4E1-8EE9-4F1C-8FC0-FCFBB58729C5}.Debug|iPhone.Deploy.0 = Debug|Any CPU
		{0184B4E1-8EE9-4F1C-8FC0-FCFBB58729C5}.Debug|iPhoneSimulator.ActiveCfg = Debug|Any CPU
		{0184B4E1-8EE9-4F1C-8FC0-FCFBB58729C5}.Debug|iPhoneSimulator.Build.0 = Debug|Any CPU
		{0184B4E1-8EE9-4F1C-8FC0-FCFBB58729C5}.Debug|iPhoneSimulator.Deploy.0 = Debug|Any CPU
		{0184B4E1-8EE9-4F1C-8FC0-FCFBB58729C5}.Debug|x64.ActiveCfg = Debug|Any CPU
		{0184B4E1-8EE9-4F1C-8FC0-FCFBB58729C5}.Debug|x64.Build.0 = Debug|Any CPU
		{0184B4E1-8EE9-4F1C-8FC0-FCFBB58729C5}.Debug|x64.Deploy.0 = Debug|Any CPU
		{0184B4E1-8EE9-4F1C-8FC0-FCFBB58729C5}.Debug|x86.ActiveCfg = Debug|Any CPU
		{0184B4E1-8EE9-4F1C-8FC0-FCFBB58729C5}.Debug|x86.Build.0 = Debug|Any CPU
		{0184B4E1-8EE9-4F1C-8FC0-FCFBB58729C5}.Debug|x86.Deploy.0 = Debug|Any CPU
		{0184B4E1-8EE9-4F1C-8FC0-FCFBB58729C5}.Release|Any CPU.ActiveCfg = Release|Any CPU
		{0184B4E1-8EE9-4F1C-8FC0-FCFBB58729C5}.Release|Any CPU.Build.0 = Release|Any CPU
		{0184B4E1-8EE9-4F1C-8FC0-FCFBB58729C5}.Release|Any CPU.Deploy.0 = Release|Any CPU
		{0184B4E1-8EE9-4F1C-8FC0-FCFBB58729C5}.Release|ARM.ActiveCfg = Release|Any CPU
		{0184B4E1-8EE9-4F1C-8FC0-FCFBB58729C5}.Release|ARM.Build.0 = Release|Any CPU
		{0184B4E1-8EE9-4F1C-8FC0-FCFBB58729C5}.Release|ARM.Deploy.0 = Release|Any CPU
		{0184B4E1-8EE9-4F1C-8FC0-FCFBB58729C5}.Release|iPhone.ActiveCfg = Release|Any CPU
		{0184B4E1-8EE9-4F1C-8FC0-FCFBB58729C5}.Release|iPhone.Build.0 = Release|Any CPU
		{0184B4E1-8EE9-4F1C-8FC0-FCFBB58729C5}.Release|iPhone.Deploy.0 = Release|Any CPU
		{0184B4E1-8EE9-4F1C-8FC0-FCFBB58729C5}.Release|iPhoneSimulator.ActiveCfg = Release|Any CPU
		{0184B4E1-8EE9-4F1C-8FC0-FCFBB58729C5}.Release|iPhoneSimulator.Build.0 = Release|Any CPU
		{0184B4E1-8EE9-4F1C-8FC0-FCFBB58729C5}.Release|iPhoneSimulator.Deploy.0 = Release|Any CPU
		{0184B4E1-8EE9-4F1C-8FC0-FCFBB58729C5}.Release|x64.ActiveCfg = Release|Any CPU
		{0184B4E1-8EE9-4F1C-8FC0-FCFBB58729C5}.Release|x64.Build.0 = Release|Any CPU
		{0184B4E1-8EE9-4F1C-8FC0-FCFBB58729C5}.Release|x64.Deploy.0 = Release|Any CPU
		{0184B4E1-8EE9-4F1C-8FC0-FCFBB58729C5}.Release|x86.ActiveCfg = Release|Any CPU
		{0184B4E1-8EE9-4F1C-8FC0-FCFBB58729C5}.Release|x86.Build.0 = Release|Any CPU
		{0184B4E1-8EE9-4F1C-8FC0-FCFBB58729C5}.Release|x86.Deploy.0 = Release|Any CPU
		{BE11795F-0CFF-4A8D-B3A3-E01E6261482E}.Ad-Hoc|Any CPU.ActiveCfg = Ad-Hoc|iPhone
		{BE11795F-0CFF-4A8D-B3A3-E01E6261482E}.Ad-Hoc|ARM.ActiveCfg = Ad-Hoc|iPhone
		{BE11795F-0CFF-4A8D-B3A3-E01E6261482E}.Ad-Hoc|iPhone.ActiveCfg = Ad-Hoc|iPhone
		{BE11795F-0CFF-4A8D-B3A3-E01E6261482E}.Ad-Hoc|iPhone.Build.0 = Ad-Hoc|iPhone
		{BE11795F-0CFF-4A8D-B3A3-E01E6261482E}.Ad-Hoc|iPhoneSimulator.ActiveCfg = Ad-Hoc|iPhoneSimulator
		{BE11795F-0CFF-4A8D-B3A3-E01E6261482E}.Ad-Hoc|iPhoneSimulator.Build.0 = Ad-Hoc|iPhoneSimulator
		{BE11795F-0CFF-4A8D-B3A3-E01E6261482E}.Ad-Hoc|x64.ActiveCfg = Ad-Hoc|iPhone
		{BE11795F-0CFF-4A8D-B3A3-E01E6261482E}.Ad-Hoc|x86.ActiveCfg = Ad-Hoc|iPhone
		{BE11795F-0CFF-4A8D-B3A3-E01E6261482E}.AppStore|Any CPU.ActiveCfg = AppStore|iPhone
		{BE11795F-0CFF-4A8D-B3A3-E01E6261482E}.AppStore|ARM.ActiveCfg = AppStore|iPhone
		{BE11795F-0CFF-4A8D-B3A3-E01E6261482E}.AppStore|iPhone.ActiveCfg = AppStore|iPhone
		{BE11795F-0CFF-4A8D-B3A3-E01E6261482E}.AppStore|iPhone.Build.0 = AppStore|iPhone
		{BE11795F-0CFF-4A8D-B3A3-E01E6261482E}.AppStore|iPhoneSimulator.ActiveCfg = AppStore|iPhoneSimulator
		{BE11795F-0CFF-4A8D-B3A3-E01E6261482E}.AppStore|iPhoneSimulator.Build.0 = AppStore|iPhoneSimulator
		{BE11795F-0CFF-4A8D-B3A3-E01E6261482E}.AppStore|x64.ActiveCfg = AppStore|iPhone
		{BE11795F-0CFF-4A8D-B3A3-E01E6261482E}.AppStore|x86.ActiveCfg = AppStore|iPhone
		{BE11795F-0CFF-4A8D-B3A3-E01E6261482E}.Debug|Any CPU.ActiveCfg = Debug|iPhone
		{BE11795F-0CFF-4A8D-B3A3-E01E6261482E}.Debug|ARM.ActiveCfg = Debug|iPhone
		{BE11795F-0CFF-4A8D-B3A3-E01E6261482E}.Debug|iPhone.ActiveCfg = Debug|iPhone
		{BE11795F-0CFF-4A8D-B3A3-E01E6261482E}.Debug|iPhone.Build.0 = Debug|iPhone
		{BE11795F-0CFF-4A8D-B3A3-E01E6261482E}.Debug|iPhoneSimulator.ActiveCfg = Debug|iPhoneSimulator
		{BE11795F-0CFF-4A8D-B3A3-E01E6261482E}.Debug|iPhoneSimulator.Build.0 = Debug|iPhoneSimulator
		{BE11795F-0CFF-4A8D-B3A3-E01E6261482E}.Debug|x64.ActiveCfg = Debug|iPhone
		{BE11795F-0CFF-4A8D-B3A3-E01E6261482E}.Debug|x86.ActiveCfg = Debug|iPhone
		{BE11795F-0CFF-4A8D-B3A3-E01E6261482E}.Release|Any CPU.ActiveCfg = Release|iPhone
		{BE11795F-0CFF-4A8D-B3A3-E01E6261482E}.Release|ARM.ActiveCfg = Release|iPhone
		{BE11795F-0CFF-4A8D-B3A3-E01E6261482E}.Release|iPhone.ActiveCfg = Release|iPhone
		{BE11795F-0CFF-4A8D-B3A3-E01E6261482E}.Release|iPhone.Build.0 = Release|iPhone
		{BE11795F-0CFF-4A8D-B3A3-E01E6261482E}.Release|iPhoneSimulator.ActiveCfg = Release|iPhoneSimulator
		{BE11795F-0CFF-4A8D-B3A3-E01E6261482E}.Release|iPhoneSimulator.Build.0 = Release|iPhoneSimulator
		{BE11795F-0CFF-4A8D-B3A3-E01E6261482E}.Release|x64.ActiveCfg = Release|iPhone
		{BE11795F-0CFF-4A8D-B3A3-E01E6261482E}.Release|x86.ActiveCfg = Release|iPhone
		{AE349930-E091-44B8-AAB2-9369D91DECB2}.Ad-Hoc|Any CPU.ActiveCfg = Release|x86
		{AE349930-E091-44B8-AAB2-9369D91DECB2}.Ad-Hoc|Any CPU.Build.0 = Release|x86
		{AE349930-E091-44B8-AAB2-9369D91DECB2}.Ad-Hoc|Any CPU.Deploy.0 = Release|x86
		{AE349930-E091-44B8-AAB2-9369D91DECB2}.Ad-Hoc|ARM.ActiveCfg = Release|ARM
		{AE349930-E091-44B8-AAB2-9369D91DECB2}.Ad-Hoc|ARM.Build.0 = Release|ARM
		{AE349930-E091-44B8-AAB2-9369D91DECB2}.Ad-Hoc|ARM.Deploy.0 = Release|ARM
		{AE349930-E091-44B8-AAB2-9369D91DECB2}.Ad-Hoc|iPhone.ActiveCfg = Release|x86
		{AE349930-E091-44B8-AAB2-9369D91DECB2}.Ad-Hoc|iPhone.Build.0 = Release|x86
		{AE349930-E091-44B8-AAB2-9369D91DECB2}.Ad-Hoc|iPhone.Deploy.0 = Release|x86
		{AE349930-E091-44B8-AAB2-9369D91DECB2}.Ad-Hoc|iPhoneSimulator.ActiveCfg = Release|x86
		{AE349930-E091-44B8-AAB2-9369D91DECB2}.Ad-Hoc|iPhoneSimulator.Build.0 = Release|x86
		{AE349930-E091-44B8-AAB2-9369D91DECB2}.Ad-Hoc|iPhoneSimulator.Deploy.0 = Release|x86
		{AE349930-E091-44B8-AAB2-9369D91DECB2}.Ad-Hoc|x64.ActiveCfg = Release|x64
		{AE349930-E091-44B8-AAB2-9369D91DECB2}.Ad-Hoc|x64.Build.0 = Release|x64
		{AE349930-E091-44B8-AAB2-9369D91DECB2}.Ad-Hoc|x64.Deploy.0 = Release|x64
		{AE349930-E091-44B8-AAB2-9369D91DECB2}.Ad-Hoc|x86.ActiveCfg = Release|x86
		{AE349930-E091-44B8-AAB2-9369D91DECB2}.Ad-Hoc|x86.Build.0 = Release|x86
		{AE349930-E091-44B8-AAB2-9369D91DECB2}.Ad-Hoc|x86.Deploy.0 = Release|x86
		{AE349930-E091-44B8-AAB2-9369D91DECB2}.AppStore|Any CPU.ActiveCfg = Release|x86
		{AE349930-E091-44B8-AAB2-9369D91DECB2}.AppStore|Any CPU.Build.0 = Release|x86
		{AE349930-E091-44B8-AAB2-9369D91DECB2}.AppStore|Any CPU.Deploy.0 = Release|x86
		{AE349930-E091-44B8-AAB2-9369D91DECB2}.AppStore|ARM.ActiveCfg = Release|ARM
		{AE349930-E091-44B8-AAB2-9369D91DECB2}.AppStore|ARM.Build.0 = Release|ARM
		{AE349930-E091-44B8-AAB2-9369D91DECB2}.AppStore|ARM.Deploy.0 = Release|ARM
		{AE349930-E091-44B8-AAB2-9369D91DECB2}.AppStore|iPhone.ActiveCfg = Release|x86
		{AE349930-E091-44B8-AAB2-9369D91DECB2}.AppStore|iPhone.Build.0 = Release|x86
		{AE349930-E091-44B8-AAB2-9369D91DECB2}.AppStore|iPhone.Deploy.0 = Release|x86
		{AE349930-E091-44B8-AAB2-9369D91DECB2}.AppStore|iPhoneSimulator.ActiveCfg = Release|x86
		{AE349930-E091-44B8-AAB2-9369D91DECB2}.AppStore|iPhoneSimulator.Build.0 = Release|x86
		{AE349930-E091-44B8-AAB2-9369D91DECB2}.AppStore|iPhoneSimulator.Deploy.0 = Release|x86
		{AE349930-E091-44B8-AAB2-9369D91DECB2}.AppStore|x64.ActiveCfg = Release|x64
		{AE349930-E091-44B8-AAB2-9369D91DECB2}.AppStore|x64.Build.0 = Release|x64
		{AE349930-E091-44B8-AAB2-9369D91DECB2}.AppStore|x64.Deploy.0 = Release|x64
		{AE349930-E091-44B8-AAB2-9369D91DECB2}.AppStore|x86.ActiveCfg = Release|x86
		{AE349930-E091-44B8-AAB2-9369D91DECB2}.AppStore|x86.Build.0 = Release|x86
		{AE349930-E091-44B8-AAB2-9369D91DECB2}.AppStore|x86.Deploy.0 = Release|x86
		{AE349930-E091-44B8-AAB2-9369D91DECB2}.Debug|Any CPU.ActiveCfg = Debug|x86
		{AE349930-E091-44B8-AAB2-9369D91DECB2}.Debug|ARM.ActiveCfg = Debug|ARM
		{AE349930-E091-44B8-AAB2-9369D91DECB2}.Debug|ARM.Build.0 = Debug|ARM
		{AE349930-E091-44B8-AAB2-9369D91DECB2}.Debug|ARM.Deploy.0 = Debug|ARM
		{AE349930-E091-44B8-AAB2-9369D91DECB2}.Debug|iPhone.ActiveCfg = Debug|x86
		{AE349930-E091-44B8-AAB2-9369D91DECB2}.Debug|iPhoneSimulator.ActiveCfg = Debug|x86
		{AE349930-E091-44B8-AAB2-9369D91DECB2}.Debug|x64.ActiveCfg = Debug|x64
		{AE349930-E091-44B8-AAB2-9369D91DECB2}.Debug|x64.Build.0 = Debug|x64
		{AE349930-E091-44B8-AAB2-9369D91DECB2}.Debug|x64.Deploy.0 = Debug|x64
		{AE349930-E091-44B8-AAB2-9369D91DECB2}.Debug|x86.ActiveCfg = Debug|x86
		{AE349930-E091-44B8-AAB2-9369D91DECB2}.Debug|x86.Build.0 = Debug|x86
		{AE349930-E091-44B8-AAB2-9369D91DECB2}.Debug|x86.Deploy.0 = Debug|x86
		{AE349930-E091-44B8-AAB2-9369D91DECB2}.Release|Any CPU.ActiveCfg = Release|x86
		{AE349930-E091-44B8-AAB2-9369D91DECB2}.Release|ARM.ActiveCfg = Release|ARM
		{AE349930-E091-44B8-AAB2-9369D91DECB2}.Release|ARM.Build.0 = Release|ARM
		{AE349930-E091-44B8-AAB2-9369D91DECB2}.Release|ARM.Deploy.0 = Release|ARM
		{AE349930-E091-44B8-AAB2-9369D91DECB2}.Release|iPhone.ActiveCfg = Release|x86
		{AE349930-E091-44B8-AAB2-9369D91DECB2}.Release|iPhoneSimulator.ActiveCfg = Release|x86
		{AE349930-E091-44B8-AAB2-9369D91DECB2}.Release|x64.ActiveCfg = Release|x64
		{AE349930-E091-44B8-AAB2-9369D91DECB2}.Release|x64.Build.0 = Release|x64
		{AE349930-E091-44B8-AAB2-9369D91DECB2}.Release|x64.Deploy.0 = Release|x64
		{AE349930-E091-44B8-AAB2-9369D91DECB2}.Release|x86.ActiveCfg = Release|x86
		{AE349930-E091-44B8-AAB2-9369D91DECB2}.Release|x86.Build.0 = Release|x86
		{AE349930-E091-44B8-AAB2-9369D91DECB2}.Release|x86.Deploy.0 = Release|x86
	EndGlobalSection
	GlobalSection(SolutionProperties) = preSolution
		HideSolutionNode = FALSE
	EndGlobalSection
EndGlobal
